
Microsoft Visual Studio Solution File, Format Version 12.00
# Visual Studio 15
VisualStudioVersion = 15.0.28010.2019
MinimumVisualStudioVersion = 10.0.40219.1
Project("{FAE04EC0-301F-11D3-BF4B-00C04F79EFBC}") = "403Project1", "403Project1\403Project1.csproj", "{DB43FF36-CC20-4BB2-AD02-C4DCCF909A6F}"
EndProject
Global
	GlobalSection(SolutionConfigurationPlatforms) = preSolution
		Debug|Any CPU = Debug|Any CPU
		Release|Any CPU = Release|Any CPU
	EndGlobalSection
	GlobalSection(ProjectConfigurationPlatforms) = postSolution
		{DB43FF36-CC20-4BB2-AD02-C4DCCF909A6F}.Debug|Any CPU.ActiveCfg = Debug|Any CPU
		{DB43FF36-CC20-4BB2-AD02-C4DCCF909A6F}.Debug|Any CPU.Build.0 = Debug|Any CPU
		{DB43FF36-CC20-4BB2-AD02-C4DCCF909A6F}.Release|Any CPU.ActiveCfg = Release|Any CPU
		{DB43FF36-CC20-4BB2-AD02-C4DCCF909A6F}.Release|Any CPU.Build.0 = Release|Any CPU
	EndGlobalSection
	GlobalSection(SolutionProperties) = preSolution
		HideSolutionNode = FALSE
	EndGlobalSection
	GlobalSection(ExtensibilityGlobals) = postSolution
		SolutionGuid = {B8A8DDC6-B733-4690-AB62-4EA7D13D6F1E}
	EndGlobalSection
EndGlobal
